<?xml version="1.0" encoding="utf-8"?>
<Project ToolsVersion="4.0" xmlns="http://schemas.microsoft.com/developer/msbuild/2003">
  <ItemGroup>
    <ClCompile Include="AspectRatioFixes.cpp" />
    <ClCompile Include="aa_edge.cpp" />
    <ClCompile Include="cheat_command.cpp" />
    <ClCompile Include="config.cpp" />
    <ClCompile Include="crosshair.cpp" />
    <ClCompile Include="game.cpp" />
    <ClCompile Include="geometry.cpp" />
    <ClCompile Include="hooking.cpp" />
    <ClCompile Include="hud.cpp" />
    <ClCompile Include="log.cpp" />
    <ClCompile Include="patch.cpp" />
    <ClCompile Include="player_info.cpp" />
    <ClCompile Include="probe.cpp" />
    <ClCompile Include="radar.cpp" />
    <ClCompile Include="text.cpp" />
    <ClCompile Include="textdraws.cpp" />
    <ClCompile Include="world.cpp" />
  </ItemGroup>
  <ItemGroup>
    <ClInclude Include="aa_edge.h" />
    <ClInclude Include="addresses.h" />
    <ClInclude Include="addresses_radar.h" />
    <ClInclude Include="cheat_command.h" />
    <ClInclude Include="config.h" />
    <ClInclude Include="crosshair.h" />
    <ClInclude Include="game.h" />
    <ClInclude Include="geometry.h" />
    <ClInclude Include="hooking.h" />
    <ClInclude Include="hud.h" />
    <ClInclude Include="log.h" />
    <ClInclude Include="patch.h" />
    <ClInclude Include="player_info.h" />
    <ClInclude Include="probe.h" />
    <ClInclude Include="radar.h" />
    <ClInclude Include="resource.h" />
    <ClInclude Include="samp_addresses.h" />
    <ClInclude Include="text.h" />
    <ClInclude Include="textdraws.h" />
    <ClInclude Include="types.h" />
    <ClInclude Include="version.h" />
    <ClInclude Include="world.h" />
  </ItemGroup>
  <ItemGroup>
    <ResourceCompile Include="AspectRatioFixes.rc" />
  </ItemGroup>
  <ItemGroup>
    <None Include="..\.github\workflows\release.yml" />
    <None Include="..\CHANGELOG.md" />
    <None Include="..\LICENSE" />
    <None Include="..\README.md" />
    <None Include="..\Config\AspectRatioFixes.ini" />
  </ItemGroup>
</Project>
